version = 1
revision = 3
requires-python = ">=3.13"

[[package]]
name = "periphery"
version = "0.1.0"
source = { virtual = "." }
dependencies = [
    { name = "python-periphery" },
]

[package.metadata]
requires-dist = [{ name = "python-periphery", specifier = ">=2.4.1" }]

[[package]]
name = "python-periphery"
version = "2.4.1"
source = { registry = "https://pypi.org/simple" }
sdist = { url = "https://files.pythonhosted.org/packages/df/f1/1a986ad2bb696033168db2121151e5ff90df033af780ffca47c8bb559f29/python-periphery-2.4.1.tar.gz", hash = "sha256:61d461d736982a6f766e878720ab10a68151e2e8c1086600d9389ac47e40e88a", size = 35407, upload-time = "2023-04-21T06:19:22.056Z" }
wheels = [
    { url = "https://files.pythonhosted.org/packages/0a/b8/423ab1d47cb61efc54461107177abb69a1390ac84885eff3ba83a00fd8f4/python_periphery-2.4.1-py2.py3-none-any.whl", hash = "sha256:8ab14002e7520966fae7a3b9c56d98ddaf4c1b78c5f5b2c7153cedc3846fd56a", size = 36362, upload-time = "2023-04-21T06:19:20.176Z" },
]
